
Microsoft Visual Studio Solution File, Format Version 12.00
# Visual Studio Version 17
VisualStudioVersion = 17.0.31903.59
MinimumVisualStudioVersion = 10.0.40219.1
Project("{FAE04EC0-301F-11D3-BF4B-00C04F79EFBC}") = "ContactApp", "ContactApp\ContactApp.csproj", "{48BDB26F-4979-410A-973B-80440BADD43F}"
EndProject
Global
	GlobalSection(SolutionConfigurationPlatforms) = preSolution
		Debug|Any CPU = Debug|Any CPU
		Release|Any CPU = Release|Any CPU
	EndGlobalSection
	GlobalSection(ProjectConfigurationPlatforms) = postSolution
		{48BDB26F-4979-410A-973B-80440BADD43F}.Debug|Any CPU.ActiveCfg = Debug|Any CPU
		{48BDB26F-4979-410A-973B-80440BADD43F}.Debug|Any CPU.Build.0 = Debug|Any CPU
		{48BDB26F-4979-410A-973B-80440BADD43F}.Release|Any CPU.ActiveCfg = Release|Any CPU
		{48BDB26F-4979-410A-973B-80440BADD43F}.Release|Any CPU.Build.0 = Release|Any CPU
	EndGlobalSection
	GlobalSection(SolutionProperties) = preSolution
		HideSolutionNode = FALSE
	EndGlobalSection
	GlobalSection(ExtensibilityGlobals) = postSolution
		SolutionGuid = {25BAE4FA-446D-4167-A15F-874C0E4F3FD3}
	EndGlobalSection
EndGlobal
